
Microsoft Visual Studio Solution File, Format Version 12.00
# Visual Studio 14
VisualStudioVersion = 14.0.25420.1
MinimumVisualStudioVersion = 10.0.40219.1
Project("{2150E333-8FDC-42A3-9474-1A3956D46DE8}") = "0 Shared", "0 Shared", "{3FEECFD3-3960-477B-9313-96273A5D3BF0}"
EndProject
Project("{2150E333-8FDC-42A3-9474-1A3956D46DE8}") = "1 FrontEnd Portal", "1 FrontEnd Portal", "{DD5402C7-3AA5-4EAD-B23C-7D0F19C61150}"
EndProject
Project("{2150E333-8FDC-42A3-9474-1A3956D46DE8}") = "2 BackEnd Services", "2 BackEnd Services", "{7FDFBE90-6769-446F-AC11-B49834E198A8}"
EndProject
Project("{2150E333-8FDC-42A3-9474-1A3956D46DE8}") = "0 Shared", "0 Shared", "{0BFB4956-41FE-474D-88F8-8EAB14F6A031}"
EndProject
Project("{2150E333-8FDC-42A3-9474-1A3956D46DE8}") = "1 Deployable", "1 Deployable", "{DE214518-F160-4400-B033-2D2843E0AAE7}"
EndProject
Project("{2150E333-8FDC-42A3-9474-1A3956D46DE8}") = "2 Business Services", "2 Business Services", "{29F1009A-7D6E-4549-8EDC-34F8B64047CE}"
EndProject
Project("{2150E333-8FDC-42A3-9474-1A3956D46DE8}") = "3 Repository", "3 Repository", "{813B52A3-1AF5-4AFD-B31F-7914E66EAA22}"
EndProject
Project("{2150E333-8FDC-42A3-9474-1A3956D46DE8}") = "4 Tests", "4 Tests", "{910C7252-F12C-4EC6-9263-FC5E64745841}"
EndProject
Project("{2150E333-8FDC-42A3-9474-1A3956D46DE8}") = "0 Shared", "0 Shared", "{6F1C50C0-748D-4C8A-8C2A-405CECEF8466}"
EndProject
Project("{2150E333-8FDC-42A3-9474-1A3956D46DE8}") = "1 Deployable", "1 Deployable", "{C259AE13-20D2-4FCD-94F9-44C898ECC16A}"
EndProject
Project("{2150E333-8FDC-42A3-9474-1A3956D46DE8}") = "2 Business Services", "2 Business Services", "{0D15B916-FC3E-48CC-B882-4E38BC265A71}"
EndProject
Project("{2150E333-8FDC-42A3-9474-1A3956D46DE8}") = "3 Repository", "3 Repository", "{CFE4EBD3-8757-4CD0-84D3-6DC9511EA8F8}"
EndProject
Project("{2150E333-8FDC-42A3-9474-1A3956D46DE8}") = "4 Tests", "4 Tests", "{D61FAD36-E048-4F05-B379-BAF66F4E7507}"
EndProject
Project("{FAE04EC0-301F-11D3-BF4B-00C04F79EFBC}") = "MI.ERP.BackEndServices.Repository", "MI.ERP.BackEndServices.Repository\MI.ERP.BackEndServices.Repository.csproj", "{54B3FA09-2275-4CBE-A1A2-C82020761C48}"
EndProject
Global
	GlobalSection(SolutionConfigurationPlatforms) = preSolution
		Debug|Any CPU = Debug|Any CPU
		Release|Any CPU = Release|Any CPU
	EndGlobalSection
	GlobalSection(ProjectConfigurationPlatforms) = postSolution
		{54B3FA09-2275-4CBE-A1A2-C82020761C48}.Debug|Any CPU.ActiveCfg = Debug|Any CPU
		{54B3FA09-2275-4CBE-A1A2-C82020761C48}.Debug|Any CPU.Build.0 = Debug|Any CPU
		{54B3FA09-2275-4CBE-A1A2-C82020761C48}.Release|Any CPU.ActiveCfg = Release|Any CPU
		{54B3FA09-2275-4CBE-A1A2-C82020761C48}.Release|Any CPU.Build.0 = Release|Any CPU
	EndGlobalSection
	GlobalSection(SolutionProperties) = preSolution
		HideSolutionNode = FALSE
	EndGlobalSection
	GlobalSection(NestedProjects) = preSolution
		{0BFB4956-41FE-474D-88F8-8EAB14F6A031} = {7FDFBE90-6769-446F-AC11-B49834E198A8}
		{DE214518-F160-4400-B033-2D2843E0AAE7} = {7FDFBE90-6769-446F-AC11-B49834E198A8}
		{29F1009A-7D6E-4549-8EDC-34F8B64047CE} = {7FDFBE90-6769-446F-AC11-B49834E198A8}
		{813B52A3-1AF5-4AFD-B31F-7914E66EAA22} = {7FDFBE90-6769-446F-AC11-B49834E198A8}
		{910C7252-F12C-4EC6-9263-FC5E64745841} = {7FDFBE90-6769-446F-AC11-B49834E198A8}
		{6F1C50C0-748D-4C8A-8C2A-405CECEF8466} = {DD5402C7-3AA5-4EAD-B23C-7D0F19C61150}
		{C259AE13-20D2-4FCD-94F9-44C898ECC16A} = {DD5402C7-3AA5-4EAD-B23C-7D0F19C61150}
		{0D15B916-FC3E-48CC-B882-4E38BC265A71} = {DD5402C7-3AA5-4EAD-B23C-7D0F19C61150}
		{CFE4EBD3-8757-4CD0-84D3-6DC9511EA8F8} = {DD5402C7-3AA5-4EAD-B23C-7D0F19C61150}
		{D61FAD36-E048-4F05-B379-BAF66F4E7507} = {DD5402C7-3AA5-4EAD-B23C-7D0F19C61150}
		{54B3FA09-2275-4CBE-A1A2-C82020761C48} = {813B52A3-1AF5-4AFD-B31F-7914E66EAA22}
	EndGlobalSection
EndGlobal
